
Microsoft Visual Studio Solution File, Format Version 12.00
# Visual Studio 15
VisualStudioVersion = 15.0.26430.15
MinimumVisualStudioVersion = 10.0.40219.1
Project("{FAE04EC0-301F-11D3-BF4B-00C04F79EFBC}") = "Project.Data.Layer", "Project.Data.Layer\Project.Data.Layer.csproj", "{1148A6DC-8086-4B5B-B2F2-DD481CC305FF}"
EndProject
Project("{FAE04EC0-301F-11D3-BF4B-00C04F79EFBC}") = "Project.WebApi.Layer", "Project.WebApi.Layer\Project.WebApi.Layer.csproj", "{86C6FCE4-A309-4370-A07C-CE37E79F3CAC}"
EndProject
Project("{FAE04EC0-301F-11D3-BF4B-00C04F79EFBC}") = "Project.Business.Layer", "Project.Business.Layer\Project.Business.Layer.csproj", "{8CC30DBA-C55C-42D6-A04C-3B8B441ED012}"
EndProject
Global
	GlobalSection(SolutionConfigurationPlatforms) = preSolution
		Debug|Any CPU = Debug|Any CPU
		Release|Any CPU = Release|Any CPU
	EndGlobalSection
	GlobalSection(ProjectConfigurationPlatforms) = postSolution
		{1148A6DC-8086-4B5B-B2F2-DD481CC305FF}.Debug|Any CPU.ActiveCfg = Debug|Any CPU
		{1148A6DC-8086-4B5B-B2F2-DD481CC305FF}.Debug|Any CPU.Build.0 = Debug|Any CPU
		{1148A6DC-8086-4B5B-B2F2-DD481CC305FF}.Release|Any CPU.ActiveCfg = Release|Any CPU
		{1148A6DC-8086-4B5B-B2F2-DD481CC305FF}.Release|Any CPU.Build.0 = Release|Any CPU
		{86C6FCE4-A309-4370-A07C-CE37E79F3CAC}.Debug|Any CPU.ActiveCfg = Debug|Any CPU
		{86C6FCE4-A309-4370-A07C-CE37E79F3CAC}.Debug|Any CPU.Build.0 = Debug|Any CPU
		{86C6FCE4-A309-4370-A07C-CE37E79F3CAC}.Release|Any CPU.ActiveCfg = Release|Any CPU
		{86C6FCE4-A309-4370-A07C-CE37E79F3CAC}.Release|Any CPU.Build.0 = Release|Any CPU
		{8CC30DBA-C55C-42D6-A04C-3B8B441ED012}.Debug|Any CPU.ActiveCfg = Debug|Any CPU
		{8CC30DBA-C55C-42D6-A04C-3B8B441ED012}.Debug|Any CPU.Build.0 = Debug|Any CPU
		{8CC30DBA-C55C-42D6-A04C-3B8B441ED012}.Release|Any CPU.ActiveCfg = Release|Any CPU
		{8CC30DBA-C55C-42D6-A04C-3B8B441ED012}.Release|Any CPU.Build.0 = Release|Any CPU
	EndGlobalSection
	GlobalSection(SolutionProperties) = preSolution
		HideSolutionNode = FALSE
	EndGlobalSection
EndGlobal
